<?xml version="1.0" encoding="utf-8"?>
<Project ToolsVersion="4.0" xmlns="http://schemas.microsoft.com/developer/msbuild/2003">
  <ItemGroup>
    <Filter Include="99.Defines">
      <UniqueIdentifier>{3d9e41f6-a1e4-42dd-9610-adce6a4ecb04}</UniqueIdentifier>
    </Filter>
    <Filter Include="98.Default">
      <UniqueIdentifier>{faced698-6553-4ebb-933c-a9d07f43f5a0}</UniqueIdentifier>
    </Filter>
    <Filter Include="00.MainApp">
      <UniqueIdentifier>{e082918c-7608-4b61-a259-b7d0bde29fe9}</UniqueIdentifier>
    </Filter>
    <Filter Include="01.Level">
      <UniqueIdentifier>{ccd69ac7-3011-450b-9fbe-e0a0abafb033}</UniqueIdentifier>
    </Filter>
    <Filter Include="01.Level\99.Loading">
      <UniqueIdentifier>{f4a6348f-ce4b-42a0-b988-f31253c06627}</UniqueIdentifier>
    </Filter>
    <Filter Include="01.Level\01.Logo">
      <UniqueIdentifier>{2d052521-6517-45a3-80d6-5e40b91179ca}</UniqueIdentifier>
    </Filter>
    <Filter Include="01.Level\02.GamePlay">
      <UniqueIdentifier>{4610ea0e-ebf7-4b2f-98d4-0cd37e3f1657}</UniqueIdentifier>
    </Filter>
    <Filter Include="01.Level\99.Loading\Loader">
      <UniqueIdentifier>{304efe14-efd3-4d8d-beef-d72cf2ca3c91}</UniqueIdentifier>
    </Filter>
    <Filter Include="02.GameObject">
      <UniqueIdentifier>{8c6b9442-3ac7-4475-9ea4-5eeb25a4715c}</UniqueIdentifier>
    </Filter>
    <Filter Include="02.GameObject\BackGround">
      <UniqueIdentifier>{218b6406-079d-412e-8019-7e113037842d}</UniqueIdentifier>
    </Filter>
    <Filter Include="97.ShaderFiles">
      <UniqueIdentifier>{1cd67f43-c723-41ff-a2d5-c0a3e3c9530c}</UniqueIdentifier>
    </Filter>
    <Filter Include="02.GameObject\Camera">
      <UniqueIdentifier>{183dec6c-97df-416f-bf56-46242f5fa897}</UniqueIdentifier>
    </Filter>
    <Filter Include="02.GameObject\Camera\Camera_Free">
      <UniqueIdentifier>{9d801937-d3fc-4fb1-a95a-4c6cc488bee8}</UniqueIdentifier>
    </Filter>
    <Filter Include="02.GameObject\Player">
      <UniqueIdentifier>{ce65c5a9-d4bd-4524-95e0-7c49bef1f3cc}</UniqueIdentifier>
    </Filter>
    <Filter Include="02.GameObject\Player\Body">
      <UniqueIdentifier>{e7fd180b-cb7a-4c18-b7b0-d42f0cbfd704}</UniqueIdentifier>
    </Filter>
    <Filter Include="02.GameObject\Player\Weapon">
      <UniqueIdentifier>{7e236586-daf8-4b0b-97bc-ae09bef675fc}</UniqueIdentifier>
    </Filter>
    <Filter Include="02.GameObject\Effect">
      <UniqueIdentifier>{9e7fcad4-496e-4017-b63d-f8f5214ea00b}</UniqueIdentifier>
    </Filter>
    <Filter Include="02.GameObject\Sky">
      <UniqueIdentifier>{445514f7-ecbc-4eee-90ce-e9e9f96fb668}</UniqueIdentifier>
    </Filter>
    <Filter Include="02.GameObject\Terrain">
      <UniqueIdentifier>{78b0b318-a23b-4569-8f88-c7484fe6212f}</UniqueIdentifier>
    </Filter>
    <Filter Include="02.GameObject\0.Ladder">
      <UniqueIdentifier>{8d0f4be0-587b-4a21-8752-52f739d79161}</UniqueIdentifier>
    </Filter>
    <Filter Include="02.GameObject\LobTrap">
      <UniqueIdentifier>{a04912fe-774e-47db-acec-0001369a83bb}</UniqueIdentifier>
    </Filter>
    <Filter Include="02.GameObject\Boss">
      <UniqueIdentifier>{46740bbd-aaa2-41ea-90b6-48784443a5b6}</UniqueIdentifier>
    </Filter>
    <Filter Include="02.GameObject\Boss\Boss_Varg">
      <UniqueIdentifier>{679ae7ba-e520-4f34-8aaf-d67c4e2c4368}</UniqueIdentifier>
    </Filter>
    <Filter Include="02.GameObject\Boss\Boss_Varg\Body">
      <UniqueIdentifier>{7e7712b3-d4c4-416b-ae1b-55d59b91f521}</UniqueIdentifier>
    </Filter>
    <Filter Include="02.GameObject\Boss\Boss_Varg\Weapon">
      <UniqueIdentifier>{32204b1c-dcff-43a8-a755-bf39406b7d96}</UniqueIdentifier>
    </Filter>
    <Filter Include="02.GameObject\Player\State">
      <UniqueIdentifier>{8356e62b-b30a-448f-a67b-7aeb368b9d32}</UniqueIdentifier>
    </Filter>
    <Filter Include="02.GameObject\Player\State\StateMgr">
      <UniqueIdentifier>{db862e11-2e15-4756-9a26-e3f75ac218b5}</UniqueIdentifier>
    </Filter>
    <Filter Include="02.GameObject\Player\State\Attack">
      <UniqueIdentifier>{c5f055e6-4079-4f5b-a7e1-e1dc7c7dd275}</UniqueIdentifier>
    </Filter>
    <Filter Include="02.GameObject\Player\State\Idle">
      <UniqueIdentifier>{abf15009-fe4f-469c-a48b-cb092dcef602}</UniqueIdentifier>
    </Filter>
    <Filter Include="02.GameObject\Player\State\Run">
      <UniqueIdentifier>{62b5d6fd-e976-42b5-b761-da0af14d9ac3}</UniqueIdentifier>
    </Filter>
    <Filter Include="02.GameObject\Player\State\Attack\Attack_LButton_1">
      <UniqueIdentifier>{bfc039f5-8546-4151-bcdb-cea338c0fced}</UniqueIdentifier>
    </Filter>
    <Filter Include="02.GameObject\Player\Weapon\LeftWeapon">
      <UniqueIdentifier>{75bd813b-5da3-424c-8250-d74a8fcf3613}</UniqueIdentifier>
    </Filter>
    <Filter Include="02.GameObject\Player\Weapon\RightWeapon">
      <UniqueIdentifier>{bf20e524-f7a3-493d-b701-d956f382ff1e}</UniqueIdentifier>
    </Filter>
    <Filter Include="02.GameObject\Object">
      <UniqueIdentifier>{f9eeeb8c-1d44-4039-8c9a-95094ff543c7}</UniqueIdentifier>
    </Filter>
    <Filter Include="02.GameObject\Object\StaticObject">
      <UniqueIdentifier>{50f8610f-56b9-4747-9177-020ac098ecc0}</UniqueIdentifier>
    </Filter>
    <Filter Include="02.GameObject\Boss\Boss_State">
      <UniqueIdentifier>{4dba1b24-96a1-43eb-bafa-d7802a782405}</UniqueIdentifier>
    </Filter>
    <Filter Include="02.GameObject\Boss\Boss_State\Manager">
      <UniqueIdentifier>{eb644ae3-6938-42ab-83d0-154ce9b75955}</UniqueIdentifier>
    </Filter>
    <Filter Include="02.GameObject\Player\State\Attack\Attack_LButton_2">
      <UniqueIdentifier>{a6c0a5c2-8ab6-4bc0-91c0-365bc448433c}</UniqueIdentifier>
    </Filter>
    <Filter Include="02.GameObject\Player\State\Attack\Attack_LButton_3">
      <UniqueIdentifier>{cf4f3d9e-1c37-4bd0-a882-28844f14b3e4}</UniqueIdentifier>
    </Filter>
    <Filter Include="02.GameObject\Monster">
      <UniqueIdentifier>{93f0dabd-730d-49e8-80c6-c18a2780a798}</UniqueIdentifier>
    </Filter>
    <Filter Include="02.GameObject\Monster\Elite">
      <UniqueIdentifier>{fe134013-31cf-4aad-b09a-51cb79385ac4}</UniqueIdentifier>
    </Filter>
    <Filter Include="02.GameObject\Monster\Elite\Joker">
      <UniqueIdentifier>{f6c59891-ee28-42ba-84e3-0978a68aa655}</UniqueIdentifier>
    </Filter>
    <Filter Include="02.GameObject\Monster\Elite\Joker\Body">
      <UniqueIdentifier>{03222064-bbb1-4940-9c87-c533d8e007ca}</UniqueIdentifier>
    </Filter>
    <Filter Include="02.GameObject\Monster\Elite\Joker\Weapon">
      <UniqueIdentifier>{766bbaf7-e294-4925-8fe2-d3eba10e7252}</UniqueIdentifier>
    </Filter>
    <Filter Include="02.GameObject\Player\State\Attack\Attack_LongClaw_1">
      <UniqueIdentifier>{364e1570-b486-476c-ad20-b46433dc06bf}</UniqueIdentifier>
    </Filter>
    <Filter Include="02.GameObject\Player\State\Attack\Attack_LongClaw_2">
      <UniqueIdentifier>{bda42e64-3c82-4259-a76f-219fddab13ec}</UniqueIdentifier>
    </Filter>
    <Filter Include="02.GameObject\Player\State\Run\RockOn">
      <UniqueIdentifier>{1a8aadce-55cc-4ff9-ba83-429ce85b0133}</UniqueIdentifier>
    </Filter>
    <Filter Include="02.GameObject\Player\State\Run\RockOn\Rock_On_Run_B">
      <UniqueIdentifier>{0a3ec577-35fa-4449-8eb7-c1a81816465c}</UniqueIdentifier>
    </Filter>
    <Filter Include="02.GameObject\Player\State\Run\RockOn\Rock_On_Run_BL">
      <UniqueIdentifier>{d7c50b58-dbcb-4079-837d-054bd9a1c865}</UniqueIdentifier>
    </Filter>
    <Filter Include="02.GameObject\Player\State\Run\RockOn\Rock_On_Run_BR">
      <UniqueIdentifier>{51b00f3a-aee3-4d33-9058-c088bec31702}</UniqueIdentifier>
    </Filter>
    <Filter Include="02.GameObject\Player\State\Run\RockOn\Rock_On_Run_FL">
      <UniqueIdentifier>{492eceac-1eb8-4a91-8e64-2bc8dbef88b2}</UniqueIdentifier>
    </Filter>
    <Filter Include="02.GameObject\Player\State\Run\RockOn\Rock_On_Run_FR">
      <UniqueIdentifier>{1c42033f-ac4f-4f47-8903-f180ad497598}</UniqueIdentifier>
    </Filter>
    <Filter Include="02.GameObject\Player\State\Run\RockOn\Rock_On_Run_L">
      <UniqueIdentifier>{953578a2-4359-451a-baa0-3ea4a7f202ae}</UniqueIdentifier>
    </Filter>
    <Filter Include="02.GameObject\Player\State\Run\RockOn\Rock_On_Run_R">
      <UniqueIdentifier>{8243d744-c9eb-4546-ae8b-09a9eba8a0cb}</UniqueIdentifier>
    </Filter>
    <Filter Include="02.GameObject\InstancingObject">
      <UniqueIdentifier>{dd7b069b-8769-42ec-aa3e-92ea387e9171}</UniqueIdentifier>
    </Filter>
    <Filter Include="02.GameObject\InstancingObject\GroundObject">
      <UniqueIdentifier>{2c5d2e7c-bc30-4bd1-95de-828ebca2ce0a}</UniqueIdentifier>
    </Filter>
    <Filter Include="03.UIObject">
      <UniqueIdentifier>{23be136b-4af7-4c9f-9830-2afe78e32ad9}</UniqueIdentifier>
    </Filter>
    <Filter Include="02.GameObject\Player\State\Run\RockOn\Rock_On_Run_F">
      <UniqueIdentifier>{d125fb7d-b677-4a68-92a8-978b9bf00ddd}</UniqueIdentifier>
    </Filter>
    <Filter Include="02.GameObject\Effect\Example">
      <UniqueIdentifier>{10a763fb-584a-42e8-92b5-65795e4d0fe4}</UniqueIdentifier>
    </Filter>
    <Filter Include="03.UIObject\1.UIObjClass">
      <UniqueIdentifier>{420a30ad-8a10-42b2-bcc7-ddad3d6fef83}</UniqueIdentifier>
    </Filter>
    <Filter Include="03.UIObject\2.UIObjGroup">
      <UniqueIdentifier>{02e749bc-62e0-434e-8e0c-3182d79925b1}</UniqueIdentifier>
    </Filter>
    <Filter Include="03.UIObject\1.UIObjClass\1.MouseCursor">
      <UniqueIdentifier>{6cf7f293-1672-40cc-916d-5ca1e9e3ac88}</UniqueIdentifier>
    </Filter>
    <Filter Include="03.UIObject\1.UIObjClass\2.Boss_HP_Bar">
      <UniqueIdentifier>{f7271e02-3c62-41f7-a3a5-641d6ffcb13b}</UniqueIdentifier>
    </Filter>
    <Filter Include="03.UIObject\1.UIObjClass\2.Boss_HP_Bar\Boss_HP_Bar_Gage">
      <UniqueIdentifier>{717339ab-feed-48d3-9674-7eb18a0d12ed}</UniqueIdentifier>
    </Filter>
    <Filter Include="03.UIObject\1.UIObjClass\2.Boss_HP_Bar\Boss_HP_Bar_Gage_Effect">
      <UniqueIdentifier>{657f79e5-8951-4b0f-a80c-6931e0457483}</UniqueIdentifier>
    </Filter>
    <Filter Include="03.UIObject\1.UIObjClass\UI_Arrow">
      <UniqueIdentifier>{33cf037a-d388-4611-bc33-dd5fc6235b7d}</UniqueIdentifier>
    </Filter>
    <Filter Include="03.UIObject\1.UIObjClass\UI_Arrow_Long">
      <UniqueIdentifier>{1ab08e7b-3bff-4468-9669-451120748f68}</UniqueIdentifier>
    </Filter>
    <Filter Include="03.UIObject\1.UIObjClass\UI_Attribute_Slot_Active">
      <UniqueIdentifier>{8690b71b-040e-41ef-af18-025db00c51f0}</UniqueIdentifier>
    </Filter>
    <Filter Include="03.UIObject\1.UIObjClass\UI_BaseTalentIndicator">
      <UniqueIdentifier>{e3cfb31b-dd95-4244-8fb0-7747330b0401}</UniqueIdentifier>
    </Filter>
    <Filter Include="03.UIObject\1.UIObjClass\UI_BlackBar">
      <UniqueIdentifier>{0edba770-596e-4f5c-b7a6-99e4b5d20fc5}</UniqueIdentifier>
    </Filter>
    <Filter Include="03.UIObject\1.UIObjClass\UI_ButtonBackground">
      <UniqueIdentifier>{1da24ee1-2c2a-4ea0-8f1c-3f79ad91698d}</UniqueIdentifier>
    </Filter>
    <Filter Include="03.UIObject\1.UIObjClass\UI_ButtonHighlight">
      <UniqueIdentifier>{b284783b-bc96-4e7e-b501-22277dd1d693}</UniqueIdentifier>
    </Filter>
    <Filter Include="03.UIObject\1.UIObjClass\UI_ContentBackground">
      <UniqueIdentifier>{e55b978d-188c-48ac-93bf-17eb4b9f741e}</UniqueIdentifier>
    </Filter>
    <Filter Include="03.UIObject\1.UIObjClass\UI_DecorationFrame">
      <UniqueIdentifier>{1795f77d-d6c7-4ca3-918c-1d723e043de5}</UniqueIdentifier>
    </Filter>
    <Filter Include="03.UIObject\1.UIObjClass\UI_DecorationLine">
      <UniqueIdentifier>{3cb58a39-7e4a-4a56-8705-cf683c0dd41f}</UniqueIdentifier>
    </Filter>
    <Filter Include="03.UIObject\1.UIObjClass\UI_DescBackground">
      <UniqueIdentifier>{29b4be22-8695-450c-99de-9abe4420c23f}</UniqueIdentifier>
    </Filter>
    <Filter Include="03.UIObject\1.UIObjClass\UI_DiamondIcon">
      <UniqueIdentifier>{b68334f5-1f8d-4e66-8f8f-3905a6f5d7ac}</UniqueIdentifier>
    </Filter>
    <Filter Include="03.UIObject\1.UIObjClass\UI_Feather_Icon">
      <UniqueIdentifier>{412bd048-8d9e-445f-b675-23af1a6d7727}</UniqueIdentifier>
    </Filter>
    <Filter Include="03.UIObject\1.UIObjClass\UI_Frame">
      <UniqueIdentifier>{cde64f65-18ff-432f-9e28-eb62d4c3bb45}</UniqueIdentifier>
    </Filter>
    <Filter Include="03.UIObject\1.UIObjClass\UI_GameLogoImage">
      <UniqueIdentifier>{9eb57d39-5aee-4f82-a7dd-180bffaf0276}</UniqueIdentifier>
    </Filter>
    <Filter Include="03.UIObject\1.UIObjClass\UI_HightlightBar">
      <UniqueIdentifier>{fb7e5aa4-2109-408f-9e1d-aef3aa9d1e69}</UniqueIdentifier>
    </Filter>
    <Filter Include="03.UIObject\1.UIObjClass\UI_HPBar1_Border">
      <UniqueIdentifier>{0f4d113e-6d6c-4385-8b29-ee94460bf908}</UniqueIdentifier>
    </Filter>
    <Filter Include="03.UIObject\1.UIObjClass\UI_HPBar2_BG">
      <UniqueIdentifier>{2a6b4131-6e68-4b96-a75e-9db70a3264fa}</UniqueIdentifier>
    </Filter>
    <Filter Include="03.UIObject\1.UIObjClass\UI_HPBar3_MainBar">
      <UniqueIdentifier>{9659b653-ec67-4f1e-8519-afc2af4ca174}</UniqueIdentifier>
    </Filter>
    <Filter Include="03.UIObject\1.UIObjClass\UI_Indicator_Selected">
      <UniqueIdentifier>{9ac74fcc-bbed-4b6b-b598-e00af5b9a12c}</UniqueIdentifier>
    </Filter>
    <Filter Include="03.UIObject\1.UIObjClass\UI_KeyBox_Long">
      <UniqueIdentifier>{9ac1a550-a18e-4832-9d32-9e449530cb7a}</UniqueIdentifier>
    </Filter>
    <Filter Include="03.UIObject\1.UIObjClass\UI_LeftBackground">
      <UniqueIdentifier>{6e26da76-080e-4ea0-80b2-ac54a2b2fc44}</UniqueIdentifier>
    </Filter>
    <Filter Include="03.UIObject\1.UIObjClass\UI_LevelImage">
      <UniqueIdentifier>{6c2d158c-72c5-4e7f-9a62-2708645296af}</UniqueIdentifier>
    </Filter>
    <Filter Include="03.UIObject\1.UIObjClass\UI_LockedIcon">
      <UniqueIdentifier>{b911bfa7-d1ad-4287-bb3d-609a0955bcea}</UniqueIdentifier>
    </Filter>
    <Filter Include="03.UIObject\1.UIObjClass\UI_UnderLine">
      <UniqueIdentifier>{1c8c589c-3888-46df-a712-e0ff9b985b3a}</UniqueIdentifier>
    </Filter>
    <Filter Include="03.UIObject\1.UIObjClass\UI_TitleBackgroundBar">
      <UniqueIdentifier>{89944104-e242-4736-8d80-1a3264f9f29f}</UniqueIdentifier>
    </Filter>
    <Filter Include="03.UIObject\1.UIObjClass\UI_SceneUnderBackground">
      <UniqueIdentifier>{429de6b8-e544-425e-af37-8ca65ab758bf}</UniqueIdentifier>
    </Filter>
    <Filter Include="03.UIObject\1.UIObjClass\UI_SceneBackground">
      <UniqueIdentifier>{9806784c-6146-45a1-afd1-c7e5a0c4d768}</UniqueIdentifier>
    </Filter>
    <Filter Include="03.UIObject\1.UIObjClass\UI_SceneAboveBackground">
      <UniqueIdentifier>{97cb2c5f-ca11-4985-8297-ec7ce9ff96a9}</UniqueIdentifier>
    </Filter>
    <Filter Include="03.UIObject\1.UIObjClass\UI_RightBackground">
      <UniqueIdentifier>{f497481b-c87a-4e08-873d-37e9810767e7}</UniqueIdentifier>
    </Filter>
    <Filter Include="03.UIObject\1.UIObjClass\UI_Potion_DefaultType">
      <UniqueIdentifier>{db8771dc-a06c-4fd9-b507-cd0609e2e07c}</UniqueIdentifier>
    </Filter>
    <Filter Include="03.UIObject\1.UIObjClass\UI_PlunderSlotFrame">
      <UniqueIdentifier>{d3d7fae1-19b0-48a7-be91-b09645c709bc}</UniqueIdentifier>
    </Filter>
    <Filter Include="03.UIObject\1.UIObjClass\UI_NewHint">
      <UniqueIdentifier>{84c62468-5301-46aa-a446-56df9915eab7}</UniqueIdentifier>
    </Filter>
    <Filter Include="03.UIObject\1.UIObjClass\UI_MPBar3_MainBar">
      <UniqueIdentifier>{93a9c60a-3332-4365-b4e8-dc229dd07def}</UniqueIdentifier>
    </Filter>
    <Filter Include="03.UIObject\1.UIObjClass\UI_MPBar2_BG">
      <UniqueIdentifier>{af44de0e-3d46-46c4-85b6-fa589b5f3350}</UniqueIdentifier>
    </Filter>
    <Filter Include="03.UIObject\1.UIObjClass\UI_MPBar1_Border">
      <UniqueIdentifier>{85a50a9e-19e2-4663-905c-82e317d9646f}</UniqueIdentifier>
    </Filter>
    <Filter Include="03.UIObject\1.UIObjClass\UI_MemoryShardsIcon">
      <UniqueIdentifier>{cc5ddeda-96f3-4511-892b-c3fe801226c8}</UniqueIdentifier>
    </Filter>
    <Filter Include="03.UIObject\2.UIObjGroup\2.PlayerMenu">
      <UniqueIdentifier>{e6584cb6-17d9-4a02-a60c-e1945c22baa4}</UniqueIdentifier>
    </Filter>
    <Filter Include="03.UIObject\2.UIObjGroup\3.PlayerLevelUP">
      <UniqueIdentifier>{e9ce4b6c-45aa-49a9-b27f-30ee59d452ec}</UniqueIdentifier>
    </Filter>
    <Filter Include="03.UIObject\2.UIObjGroup\1.GameIntro">
      <UniqueIdentifier>{c2905f62-423f-4e1a-9c72-f91cb5ec2ee8}</UniqueIdentifier>
    </Filter>
    <Filter Include="03.UIObject\2.UIObjGroup\4.PlayerTalent">
      <UniqueIdentifier>{e35de4db-75f7-494a-9e59-2eaa9ee43d87}</UniqueIdentifier>
    </Filter>
    <Filter Include="03.UIObject\2.UIObjGroup\5.PlayerScreen">
      <UniqueIdentifier>{3a27189b-9b7f-4729-bce5-97923dad244b}</UniqueIdentifier>
    </Filter>
    <Filter Include="02.GameObject\Monster\Normal">
      <UniqueIdentifier>{7dd2360a-3948-4748-85ba-72cf9ea9e7d5}</UniqueIdentifier>
    </Filter>
    <Filter Include="02.GameObject\Monster\Normal\Female">
      <UniqueIdentifier>{25b37e3d-96fa-4fb1-8ec5-130371cb3271}</UniqueIdentifier>
    </Filter>
    <Filter Include="02.GameObject\Monster\Normal\Male">
      <UniqueIdentifier>{4530c1bc-4968-435a-bbc7-0b822c307c62}</UniqueIdentifier>
    </Filter>
    <Filter Include="02.GameObject\Monster\Normal\Male\Axe">
      <UniqueIdentifier>{63d47406-afd8-4b05-9775-b7ae7515c3e2}</UniqueIdentifier>
    </Filter>
    <Filter Include="02.GameObject\Monster\Normal\Male\Axe\VillageM0">
      <UniqueIdentifier>{b7597bf1-ec90-4088-aaec-0b197531acb8}</UniqueIdentifier>
    </Filter>
    <Filter Include="02.GameObject\Monster\Normal\Male\Axe\VillageM0\Body">
      <UniqueIdentifier>{939aab8b-324e-4363-83d3-b4c12840d82c}</UniqueIdentifier>
    </Filter>
    <Filter Include="02.GameObject\Monster\Normal\Male\Axe\Weapon">
      <UniqueIdentifier>{53d039ff-3035-4114-b64e-1b97442e30f8}</UniqueIdentifier>
    </Filter>
    <Filter Include="02.GameObject\Monster\Normal\Male\Axe\VillageM1">
      <UniqueIdentifier>{5b080730-052e-438f-b7a6-6364aa05a932}</UniqueIdentifier>
    </Filter>
    <Filter Include="02.GameObject\Monster\Normal\Male\Axe\VillageM1\Body">
      <UniqueIdentifier>{69806c70-f33d-4b9d-82c3-78aa263467e4}</UniqueIdentifier>
    </Filter>
    <Filter Include="02.GameObject\Monster\Normal\Female\Knife">
      <UniqueIdentifier>{82f736ad-f7e5-48bd-9d8c-2357ea851276}</UniqueIdentifier>
    </Filter>
    <Filter Include="02.GameObject\Monster\Normal\Female\Knife\VillageF0">
      <UniqueIdentifier>{28c270ee-82c4-43ca-81f3-053f5a49e241}</UniqueIdentifier>
    </Filter>
    <Filter Include="02.GameObject\Monster\Normal\Female\Knife\VillageF1">
      <UniqueIdentifier>{5002b426-9c9a-4053-95a0-7c7add3ee9d4}</UniqueIdentifier>
    </Filter>
    <Filter Include="02.GameObject\Monster\Normal\Female\Knife\Weapon">
      <UniqueIdentifier>{39515359-527a-4d47-b3e9-7920a82e6285}</UniqueIdentifier>
    </Filter>
    <Filter Include="02.GameObject\Monster\Normal\Female\Knife\VillageF1\Body">
      <UniqueIdentifier>{45193e73-be8f-4cbf-81ef-2a928baf5f0b}</UniqueIdentifier>
    </Filter>
    <Filter Include="02.GameObject\Monster\Normal\Female\Knife\VillageF0\Body">
      <UniqueIdentifier>{63114fdc-9e0c-4e82-9a9d-08fb0eeec41a}</UniqueIdentifier>
    </Filter>
    <Filter Include="02.GameObject\Player\State\Evade">
      <UniqueIdentifier>{fa098d4f-62ce-4010-84fc-d1e95fb3f5e4}</UniqueIdentifier>
    </Filter>
    <Filter Include="02.GameObject\Player\State\Evade\LockOn">
      <UniqueIdentifier>{de2d73c1-b07a-41c3-b31f-40eaa977add5}</UniqueIdentifier>
    </Filter>
    <Filter Include="02.GameObject\Player\State\Evade\LockOn\LockOn_Evade_B">
      <UniqueIdentifier>{6cd7fe9d-f10f-4053-a900-bc6f2c37b55f}</UniqueIdentifier>
    </Filter>
    <Filter Include="02.GameObject\Player\State\Evade\LockOn\LockOn_Evade_F">
      <UniqueIdentifier>{f4105fa3-75b7-4a92-9eed-0d595572f6a5}</UniqueIdentifier>
    </Filter>
    <Filter Include="02.GameObject\Player\State\Evade\LockOn\LockOn_Evade_L">
      <UniqueIdentifier>{e32b6ed7-cf0c-4d82-9799-d62d3b344be4}</UniqueIdentifier>
    </Filter>
    <Filter Include="02.GameObject\Player\State\Evade\LockOn\LockOn_Evade_R">
      <UniqueIdentifier>{014ba5e0-00f4-4e25-b296-66fafaaade43}</UniqueIdentifier>
    </Filter>
    <Filter Include="02.GameObject\Player\State\Parry">
      <UniqueIdentifier>{e67a7029-9626-435c-8b08-4a66017c94c4}</UniqueIdentifier>
    </Filter>
    <Filter Include="02.GameObject\Player\State\Parry\Parry_R">
      <UniqueIdentifier>{614f39d2-c4a0-4f70-9b47-fd19f624a0bd}</UniqueIdentifier>
    </Filter>
    <Filter Include="02.GameObject\Player\State\Parry\Parry_L">
      <UniqueIdentifier>{de2b90d0-3152-4400-8465-1bdc41330777}</UniqueIdentifier>
    </Filter>
    <Filter Include="03.UIObject\1.UIObjClass\3.UI_TextBox">
      <UniqueIdentifier>{47e6b493-8620-4827-995b-8ec7780f7838}</UniqueIdentifier>
    </Filter>
    <Filter Include="02.GameObject\Player\State\Hurt">
      <UniqueIdentifier>{7500683d-3fbf-4856-be74-af249368c0c6}</UniqueIdentifier>
    </Filter>
    <Filter Include="02.GameObject\Player\State\Hurt\HurtMFL">
      <UniqueIdentifier>{ac22f187-c970-4490-bd9c-8bd7d4550246}</UniqueIdentifier>
    </Filter>
    <Filter Include="02.GameObject\Player\State\Hurt\HurtMFR">
      <UniqueIdentifier>{d37c0cdb-6bfe-4c91-beb9-22587ecf8c1e}</UniqueIdentifier>
    </Filter>
    <Filter Include="02.GameObject\Player\State\Hurt\HurtKnockDown">
      <UniqueIdentifier>{e18e951f-3680-4616-8848-6e90e03b4096}</UniqueIdentifier>
    </Filter>
    <Filter Include="02.GameObject\Player\State\Hurt\HurtKnockBack">
      <UniqueIdentifier>{b449d6e8-6010-4807-8fbe-054dbcc5b126}</UniqueIdentifier>
    </Filter>
    <Filter Include="02.GameObject\Monster\Monster_HP_Bar">
      <UniqueIdentifier>{45b57392-3dd5-4831-89d6-24accc305b8c}</UniqueIdentifier>
    </Filter>
    <Filter Include="02.GameObject\Monster\Monster_HP_Bar\Monster_HP_Bar_Effect">
      <UniqueIdentifier>{7eb14cdd-196f-477c-8166-5354ffcc7e9e}</UniqueIdentifier>
    </Filter>
    <Filter Include="02.GameObject\Monster\Monster_HP_Bar\Monster_HP_Gage">
      <UniqueIdentifier>{ac2bbaea-bbc0-4a03-abb9-5967b3bb0a2c}</UniqueIdentifier>
    </Filter>
    <Filter Include="02.GameObject\Monster\Monster_HP_Bar\Monster_HP_Gage_Effect">
      <UniqueIdentifier>{12e68ee5-fe52-4dc8-b5d8-4a0aa0084e55}</UniqueIdentifier>
    </Filter>
    <Filter Include="02.GameObject\Player\Weapon\ClawWeapon">
      <UniqueIdentifier>{2c679f51-3c1e-4549-a1a7-2c11b713fada}</UniqueIdentifier>
    </Filter>
    <Filter Include="02.GameObject\Player\State\Parry\Parry_L\ParryDeflect_Large">
      <UniqueIdentifier>{1a283dbf-d623-4b6f-9c90-b61670f25257}</UniqueIdentifier>
    </Filter>
    <Filter Include="02.GameObject\Player\State\Parry\Parry_L\ParryDeflect_LUp">
      <UniqueIdentifier>{6943a911-a865-46f8-a87a-994c7144b132}</UniqueIdentifier>
    </Filter>
    <Filter Include="02.GameObject\Player\State\Parry\Parry_L\ParryDeflect_L">
      <UniqueIdentifier>{cddae41f-a5f5-4de1-acf7-bbd2fc20b130}</UniqueIdentifier>
    </Filter>
    <Filter Include="02.GameObject\Player\State\Parry\Parry_R\ParryDeflect_RUp">
      <UniqueIdentifier>{5ca7f634-ef58-4f23-a4dc-0ac84437e0fe}</UniqueIdentifier>
    </Filter>
    <Filter Include="02.GameObject\Player\State\Parry\Parry_R\ParryDeflect_R">
      <UniqueIdentifier>{c112422f-7bf1-43a3-93f8-5f5da8cc957d}</UniqueIdentifier>
    </Filter>
    <Filter Include="02.GameObject\Player\State\Evade\Normal">
      <UniqueIdentifier>{eb6a55ca-c5ba-4cdf-8e83-11badca0fa3c}</UniqueIdentifier>
    </Filter>
    <Filter Include="02.GameObject\Player\State\Evade\Normal\Normal_Evade_B">
      <UniqueIdentifier>{3c26734f-25af-47e5-973a-9ad94da8d2c7}</UniqueIdentifier>
    </Filter>
    <Filter Include="02.GameObject\Player\State\Evade\Normal\Normal_Evade_BL">
      <UniqueIdentifier>{e8addcb2-30b0-4b6a-a182-d0f9f33b3d3e}</UniqueIdentifier>
    </Filter>
    <Filter Include="02.GameObject\Player\State\Evade\Normal\Normal_Evade_BR">
      <UniqueIdentifier>{e826a046-4968-40e9-aecc-6ae08e374a43}</UniqueIdentifier>
    </Filter>
    <Filter Include="02.GameObject\Player\State\Evade\Normal\Normal_Evade_F">
      <UniqueIdentifier>{0b35e525-2b8b-4897-bcac-695963cf25ba}</UniqueIdentifier>
    </Filter>
    <Filter Include="02.GameObject\Player\State\Evade\Normal\Normal_Evade_FL">
      <UniqueIdentifier>{e1b3f3a3-d5a8-4119-8ed5-ff67743714aa}</UniqueIdentifier>
    </Filter>
    <Filter Include="02.GameObject\Player\State\Evade\Normal\Normal_Evade_FR">
      <UniqueIdentifier>{ee0d952e-9ff9-41e6-a156-ca6296dd862a}</UniqueIdentifier>
    </Filter>
    <Filter Include="02.GameObject\Player\State\Evade\Normal\Normal_Evade_L">
      <UniqueIdentifier>{763554f8-053c-40bb-9da0-58358913d8e3}</UniqueIdentifier>
    </Filter>
    <Filter Include="02.GameObject\Player\State\Evade\Normal\Normal_Evade_R">
      <UniqueIdentifier>{f066c37f-7f39-4ccb-9d17-f3a238e82fb1}</UniqueIdentifier>
    </Filter>
    <Filter Include="02.GameObject\Player\State\Hurt\HURT_FallDown">
      <UniqueIdentifier>{5ce35459-d52e-4734-9dd3-a41663e34597}</UniqueIdentifier>
    </Filter>
    <Filter Include="02.GameObject\Player\State\Hurt\HURTLF">
      <UniqueIdentifier>{f667c9a5-33ed-4d06-863d-8a3c2b419b32}</UniqueIdentifier>
    </Filter>
    <Filter Include="02.GameObject\Player\State\Hurt\HURTSF">
      <UniqueIdentifier>{21e8fcc9-bda4-4bb1-9d02-7971c44a4c91}</UniqueIdentifier>
    </Filter>
    <Filter Include="02.GameObject\Player\State\Hurt\HURTSL">
      <UniqueIdentifier>{52436e0a-484e-4b96-9023-f92982b54fdc}</UniqueIdentifier>
    </Filter>
    <Filter Include="02.GameObject\Player\State\Hurt\HURTXXLF">
      <UniqueIdentifier>{1a3001d1-a857-4bb0-821a-3d8dd7d9481a}</UniqueIdentifier>
    </Filter>
    <Filter Include="02.GameObject\Player\State\Hurt\HurtKnockDown\WeakGetUp_F">
      <UniqueIdentifier>{f1e54435-ded0-4add-a093-3d83d43079c2}</UniqueIdentifier>
    </Filter>
    <Filter Include="02.GameObject\Monster\Elite\HArmorLV2">
      <UniqueIdentifier>{5110f6b4-32bf-4c04-86c8-353f08025121}</UniqueIdentifier>
    </Filter>
    <Filter Include="02.GameObject\Monster\Elite\HArmorLV2\Body">
      <UniqueIdentifier>{e2c212ce-896d-433a-bd38-d7584f603d05}</UniqueIdentifier>
    </Filter>
    <Filter Include="02.GameObject\Monster\Elite\HArmorLV2\Weapon">
      <UniqueIdentifier>{cf69e356-915c-48aa-ba6d-9086209d5c54}</UniqueIdentifier>
    </Filter>
    <Filter Include="02.GameObject\NPC">
      <UniqueIdentifier>{87bbd46f-85e5-424d-a601-817de0477e07}</UniqueIdentifier>
    </Filter>
    <Filter Include="02.GameObject\NPC\Body">
      <UniqueIdentifier>{eb067c61-87c1-4176-b70d-03a038c0d1c2}</UniqueIdentifier>
    </Filter>
    <Filter Include="02.GameObject\BackGround\BlackScreen">
      <UniqueIdentifier>{ab2fc7e3-4a97-4275-bd1c-a52b55bdf5e3}</UniqueIdentifier>
    </Filter>
    <Filter Include="02.GameObject\TriggerObject">
      <UniqueIdentifier>{d166a712-dcfc-4af1-aa57-4e9c647bd87e}</UniqueIdentifier>
    </Filter>
  </ItemGroup>
  <ItemGroup>
    <ClInclude Include="Client.h">
      <Filter>98.Default</Filter>
    </ClInclude>
    <ClInclude Include="Resource.h">
      <Filter>98.Default</Filter>
    </ClInclude>
    <ClInclude Include="pch.h">
      <Filter>98.Default</Filter>
    </ClInclude>
    <ClInclude Include="targetver.h">
      <Filter>98.Default</Filter>
    </ClInclude>
    <ClInclude Include="..\public\MainApp.h">
      <Filter>00.MainApp</Filter>
    </ClInclude>
    <ClInclude Include="..\Public\Client_Defines.h">
      <Filter>99.Defines</Filter>
    </ClInclude>
    <ClInclude Include="..\Public\Level_Logo.h">
      <Filter>01.Level\01.Logo</Filter>
    </ClInclude>
    <ClInclude Include="..\Public\Level_GamePlay.h">
      <Filter>01.Level\02.GamePlay</Filter>
    </ClInclude>
    <ClInclude Include="..\Public\Level_Loading.h">
      <Filter>01.Level\99.Loading</Filter>
    </ClInclude>
    <ClInclude Include="..\public\Loader.h">
      <Filter>01.Level\99.Loading\Loader</Filter>
    </ClInclude>
    <ClInclude Include="..\Public\BackGround.h">
      <Filter>02.GameObject\BackGround</Filter>
    </ClInclude>
    <ClInclude Include="..\public\Camera_Free.h">
      <Filter>02.GameObject\Camera\Camera_Free</Filter>
    </ClInclude>
    <ClInclude Include="..\public\Player.h">
      <Filter>02.GameObject\Player</Filter>
    </ClInclude>
    <ClInclude Include="..\public\Body_Player.h">
      <Filter>02.GameObject\Player\Body</Filter>
    </ClInclude>
    <ClInclude Include="..\public\Sky.h">
      <Filter>02.GameObject\Sky</Filter>
    </ClInclude>
    <ClInclude Include="..\public\Terrain.h">
      <Filter>02.GameObject\Terrain</Filter>
    </ClInclude>
    <ClInclude Include="..\Public\Ladder.h">
      <Filter>02.GameObject\0.Ladder</Filter>
    </ClInclude>
    <ClInclude Include="..\Public\LobTrap.h">
      <Filter>02.GameObject\LobTrap</Filter>
    </ClInclude>
    <ClInclude Include="..\Public\Boss_Magician.h">
      <Filter>02.GameObject\Boss</Filter>
    </ClInclude>
    <ClInclude Include="..\Public\Boss_Varg.h">
      <Filter>02.GameObject\Boss\Boss_Varg</Filter>
    </ClInclude>
    <ClInclude Include="..\Public\Body_Varg.h">
      <Filter>02.GameObject\Boss\Boss_Varg\Body</Filter>
    </ClInclude>
    <ClInclude Include="..\Public\VargKnife.h">
      <Filter>02.GameObject\Boss\Boss_Varg\Weapon</Filter>
    </ClInclude>
    <ClInclude Include="..\public\State.h">
      <Filter>02.GameObject\Player\State</Filter>
    </ClInclude>
    <ClInclude Include="..\public\StateMgr.h">
      <Filter>02.GameObject\Player\State\StateMgr</Filter>
    </ClInclude>
    <ClInclude Include="..\public\Attack_LButton_1.h">
      <Filter>02.GameObject\Player\State\Attack\Attack_LButton_1</Filter>
    </ClInclude>
    <ClInclude Include="..\public\PlayerIdle.h">
      <Filter>02.GameObject\Player\State\Idle</Filter>
    </ClInclude>
    <ClInclude Include="..\public\PlayerRun.h">
      <Filter>02.GameObject\Player\State\Run</Filter>
    </ClInclude>
    <ClInclude Include="..\public\LeftWeapon.h">
      <Filter>02.GameObject\Player\Weapon\LeftWeapon</Filter>
    </ClInclude>
    <ClInclude Include="..\public\RightWeapon.h">
      <Filter>02.GameObject\Player\Weapon\RightWeapon</Filter>
    </ClInclude>
    <ClInclude Include="..\Public\Object.h">
      <Filter>02.GameObject\Object</Filter>
    </ClInclude>
    <ClInclude Include="..\Public\StaticObject.h">
      <Filter>02.GameObject\Object\StaticObject</Filter>
    </ClInclude>
    <ClInclude Include="..\Public\States.h">
      <Filter>02.GameObject\Boss\Boss_State</Filter>
    </ClInclude>
    <ClInclude Include="..\Public\State_Machine.h">
      <Filter>02.GameObject\Boss\Boss_State\Manager</Filter>
    </ClInclude>
    <ClInclude Include="..\public\Attack_LButton_2.h">
      <Filter>02.GameObject\Player\State\Attack\Attack_LButton_2</Filter>
    </ClInclude>
    <ClInclude Include="..\public\Attack_LButton_3.h">
      <Filter>02.GameObject\Player\State\Attack\Attack_LButton_3</Filter>
    </ClInclude>
    <ClInclude Include="..\Public\Elite_Joker.h">
      <Filter>02.GameObject\Monster\Elite\Joker</Filter>
    </ClInclude>
    <ClInclude Include="..\Public\Body_Joker.h">
      <Filter>02.GameObject\Monster\Elite\Joker\Body</Filter>
    </ClInclude>
    <ClInclude Include="..\Public\Joker_Weapon.h">
      <Filter>02.GameObject\Monster\Elite\Joker\Weapon</Filter>
    </ClInclude>
    <ClInclude Include="..\public\Attack_LongClaw_1.h">
      <Filter>02.GameObject\Player\State\Attack\Attack_LongClaw_1</Filter>
    </ClInclude>
    <ClInclude Include="..\public\Attack_LongClaw_2.h">
      <Filter>02.GameObject\Player\State\Attack\Attack_LongClaw_2</Filter>
    </ClInclude>
    <ClInclude Include="..\public\Rock_On_Run_B.h">
      <Filter>02.GameObject\Player\State\Run\RockOn\Rock_On_Run_B</Filter>
    </ClInclude>
    <ClInclude Include="..\public\Rock_On_Run_BL.h">
      <Filter>02.GameObject\Player\State\Run\RockOn\Rock_On_Run_BL</Filter>
    </ClInclude>
    <ClInclude Include="..\public\Rock_On_Run_BR.h">
      <Filter>02.GameObject\Player\State\Run\RockOn\Rock_On_Run_BR</Filter>
    </ClInclude>
    <ClInclude Include="..\public\Rock_On_Run_FL.h">
      <Filter>02.GameObject\Player\State\Run\RockOn\Rock_On_Run_FL</Filter>
    </ClInclude>
    <ClInclude Include="..\public\Rock_On_Run_FR.h">
      <Filter>02.GameObject\Player\State\Run\RockOn\Rock_On_Run_FR</Filter>
    </ClInclude>
    <ClInclude Include="..\public\Rock_On_Run_L.h">
      <Filter>02.GameObject\Player\State\Run\RockOn\Rock_On_Run_L</Filter>
    </ClInclude>
    <ClInclude Include="..\public\Rock_On_Run_R.h">
      <Filter>02.GameObject\Player\State\Run\RockOn\Rock_On_Run_R</Filter>
    </ClInclude>
    <ClInclude Include="..\Public\EnvironmentObject.h">
      <Filter>02.GameObject\InstancingObject</Filter>
    </ClInclude>
    <ClInclude Include="..\Public\GroundObject.h">
      <Filter>02.GameObject\InstancingObject\GroundObject</Filter>
    </ClInclude>
    <ClInclude Include="..\Public\UI_MouseCursor.h">
      <Filter>03.UIObject\1.UIObjClass\1.MouseCursor</Filter>
    </ClInclude>
    <ClInclude Include="..\public\Rock_On_Run_F.h">
      <Filter>02.GameObject\Player\State\Run\RockOn\Rock_On_Run_F</Filter>
    </ClInclude>
    <ClInclude Include="..\Public\UI_Boss_HP_Bar.h">
      <Filter>03.UIObject\1.UIObjClass\2.Boss_HP_Bar</Filter>
    </ClInclude>
    <ClInclude Include="..\Public\UI_Boss_HP_Bar_Gage_Effect.h">
      <Filter>03.UIObject\1.UIObjClass\2.Boss_HP_Bar\Boss_HP_Bar_Gage_Effect</Filter>
    </ClInclude>
    <ClInclude Include="..\Public\UI_Boss_HP_Bar_Gage.h">
      <Filter>03.UIObject\1.UIObjClass\2.Boss_HP_Bar\Boss_HP_Bar_Gage</Filter>
    </ClInclude>
    <ClInclude Include="..\Public\Particle_Compute_Example.h">
      <Filter>02.GameObject\Effect\Example</Filter>
    </ClInclude>
    <ClInclude Include="..\Public\UI_Arrow.h">
      <Filter>03.UIObject\1.UIObjClass\UI_Arrow</Filter>
    </ClInclude>
    <ClInclude Include="..\Public\UI_Arrow_Long.h">
      <Filter>03.UIObject\1.UIObjClass\UI_Arrow_Long</Filter>
    </ClInclude>
    <ClInclude Include="..\Public\UI_Attribute_Slot_Active.h">
      <Filter>03.UIObject\1.UIObjClass\UI_Attribute_Slot_Active</Filter>
    </ClInclude>
    <ClInclude Include="..\Public\UI_BaseTalentIndicator.h">
      <Filter>03.UIObject\1.UIObjClass\UI_BaseTalentIndicator</Filter>
    </ClInclude>
    <ClInclude Include="..\Public\UI_BlackBar.h">
      <Filter>03.UIObject\1.UIObjClass\UI_BlackBar</Filter>
    </ClInclude>
    <ClInclude Include="..\Public\UI_ButtonBackground.h">
      <Filter>03.UIObject\1.UIObjClass\UI_ButtonBackground</Filter>
    </ClInclude>
    <ClInclude Include="..\Public\UI_ButtonHighlight.h">
      <Filter>03.UIObject\1.UIObjClass\UI_ButtonHighlight</Filter>
    </ClInclude>
    <ClInclude Include="..\Public\UI_ContentBackground.h">
      <Filter>03.UIObject\1.UIObjClass\UI_ContentBackground</Filter>
    </ClInclude>
    <ClInclude Include="..\Public\UI_DecorationFrame.h">
      <Filter>03.UIObject\1.UIObjClass\UI_DecorationFrame</Filter>
    </ClInclude>
    <ClInclude Include="..\Public\UI_DecorationLine.h">
      <Filter>03.UIObject\1.UIObjClass\UI_DecorationLine</Filter>
    </ClInclude>
    <ClInclude Include="..\Public\UI_DescBackground.h">
      <Filter>03.UIObject\1.UIObjClass\UI_DescBackground</Filter>
    </ClInclude>
    <ClInclude Include="..\Public\UI_DiamondIcon.h">
      <Filter>03.UIObject\1.UIObjClass\UI_DiamondIcon</Filter>
    </ClInclude>
    <ClInclude Include="..\Public\UI_Feather_Icon.h">
      <Filter>03.UIObject\1.UIObjClass\UI_Feather_Icon</Filter>
    </ClInclude>
    <ClInclude Include="..\Public\UI_Frame.h">
      <Filter>03.UIObject\1.UIObjClass\UI_Frame</Filter>
    </ClInclude>
    <ClInclude Include="..\Public\UI_GameLogoImage.h">
      <Filter>03.UIObject\1.UIObjClass\UI_GameLogoImage</Filter>
    </ClInclude>
    <ClInclude Include="..\Public\UI_HightlightBar.h">
      <Filter>03.UIObject\1.UIObjClass\UI_HightlightBar</Filter>
    </ClInclude>
    <ClInclude Include="..\Public\UI_HPBar1_Border.h">
      <Filter>03.UIObject\1.UIObjClass\UI_HPBar1_Border</Filter>
    </ClInclude>
    <ClInclude Include="..\Public\UI_HPBar2_BG.h">
      <Filter>03.UIObject\1.UIObjClass\UI_HPBar2_BG</Filter>
    </ClInclude>
    <ClInclude Include="..\Public\UI_HPBar3_MainBar.h">
      <Filter>03.UIObject\1.UIObjClass\UI_HPBar3_MainBar</Filter>
    </ClInclude>
    <ClInclude Include="..\Public\UI_Indicator_Selected.h">
      <Filter>03.UIObject\1.UIObjClass\UI_Indicator_Selected</Filter>
    </ClInclude>
    <ClInclude Include="..\Public\UI_KeyBox_Long.h">
      <Filter>03.UIObject\1.UIObjClass\UI_KeyBox_Long</Filter>
    </ClInclude>
    <ClInclude Include="..\Public\UI_LeftBackground.h">
      <Filter>03.UIObject\1.UIObjClass\UI_LeftBackground</Filter>
    </ClInclude>
    <ClInclude Include="..\Public\UI_LevelImage.h">
      <Filter>03.UIObject\1.UIObjClass\UI_LevelImage</Filter>
    </ClInclude>
    <ClInclude Include="..\Public\UI_LockedIcon.h">
      <Filter>03.UIObject\1.UIObjClass\UI_LockedIcon</Filter>
    </ClInclude>
    <ClInclude Include="..\Public\UI_MemoryShardsIcon.h">
      <Filter>03.UIObject\1.UIObjClass\UI_MemoryShardsIcon</Filter>
    </ClInclude>
    <ClInclude Include="..\Public\UI_UnderLine.h">
      <Filter>03.UIObject\1.UIObjClass\UI_UnderLine</Filter>
    </ClInclude>
    <ClInclude Include="..\Public\UI_TitleBackgroundBar.h">
      <Filter>03.UIObject\1.UIObjClass\UI_TitleBackgroundBar</Filter>
    </ClInclude>
    <ClInclude Include="..\Public\UI_SceneUnderBackground.h">
      <Filter>03.UIObject\1.UIObjClass\UI_SceneUnderBackground</Filter>
    </ClInclude>
    <ClInclude Include="..\Public\UI_TextBox.h">
      <Filter>03.UIObject\1.UIObjClass\3.UI_TextBox</Filter>
    </ClInclude>
    <ClInclude Include="..\Public\UI_SceneBackground.h">
      <Filter>03.UIObject\1.UIObjClass\UI_SceneBackground</Filter>
    </ClInclude>
    <ClInclude Include="..\Public\UI_SceneAboveBackground.h">
      <Filter>03.UIObject\1.UIObjClass\UI_SceneAboveBackground</Filter>
    </ClInclude>
    <ClInclude Include="..\Public\UI_RightBackground.h">
      <Filter>03.UIObject\1.UIObjClass\UI_RightBackground</Filter>
    </ClInclude>
    <ClInclude Include="..\Public\UI_Potion_DefaultType.h">
      <Filter>03.UIObject\1.UIObjClass\UI_Potion_DefaultType</Filter>
    </ClInclude>
    <ClInclude Include="..\Public\UI_PlunderSlotFrame.h">
      <Filter>03.UIObject\1.UIObjClass\UI_PlunderSlotFrame</Filter>
    </ClInclude>
    <ClInclude Include="..\Public\UI_NewHint.h">
      <Filter>03.UIObject\1.UIObjClass\UI_NewHint</Filter>
    </ClInclude>
    <ClInclude Include="..\Public\UI_MPBar3_MainBar.h">
      <Filter>03.UIObject\1.UIObjClass\UI_MPBar3_MainBar</Filter>
    </ClInclude>
    <ClInclude Include="..\Public\UI_MPBar2_BG.h">
      <Filter>03.UIObject\1.UIObjClass\UI_MPBar2_BG</Filter>
    </ClInclude>
    <ClInclude Include="..\Public\UI_MPBar1_Border.h">
      <Filter>03.UIObject\1.UIObjClass\UI_MPBar1_Border</Filter>
    </ClInclude>
    <ClInclude Include="..\Public\UIGroup_GameIntro.h">
      <Filter>03.UIObject\2.UIObjGroup\1.GameIntro</Filter>
    </ClInclude>
    <ClInclude Include="..\Public\UIGroup_PlayerMenu.h">
      <Filter>03.UIObject\2.UIObjGroup\2.PlayerMenu</Filter>
    </ClInclude>
    <ClInclude Include="..\Public\UIGroup_PlayerLevelUP.h">
      <Filter>03.UIObject\2.UIObjGroup\3.PlayerLevelUP</Filter>
    </ClInclude>
    <ClInclude Include="..\Public\UIGroup_PlayerTalent.h">
      <Filter>03.UIObject\2.UIObjGroup\4.PlayerTalent</Filter>
    </ClInclude>
    <ClInclude Include="..\Public\UIGroup_PlayerScreen.h">
      <Filter>03.UIObject\2.UIObjGroup\5.PlayerScreen</Filter>
    </ClInclude>
    <ClInclude Include="..\Public\Normal_VillageM0.h">
      <Filter>02.GameObject\Monster\Normal\Male\Axe\VillageM0</Filter>
    </ClInclude>
    <ClInclude Include="..\Public\VillageM_Weapon.h">
      <Filter>02.GameObject\Monster\Normal\Male\Axe\Weapon</Filter>
    </ClInclude>
    <ClInclude Include="..\Public\Normal_VillageM1.h">
      <Filter>02.GameObject\Monster\Normal\Male\Axe\VillageM1</Filter>
    </ClInclude>
    <ClInclude Include="..\Public\Body_VillageM0.h">
      <Filter>02.GameObject\Monster\Normal\Male\Axe\VillageM0\Body</Filter>
    </ClInclude>
    <ClInclude Include="..\Public\Body_VillageM1.h">
      <Filter>02.GameObject\Monster\Normal\Male\Axe\VillageM1\Body</Filter>
    </ClInclude>
    <ClInclude Include="..\Public\Body_VillageF0.h">
      <Filter>02.GameObject\Monster\Normal\Female\Knife\VillageF0\Body</Filter>
    </ClInclude>
    <ClInclude Include="..\Public\Body_VillageF1.h">
      <Filter>02.GameObject\Monster\Normal\Female\Knife\VillageF1\Body</Filter>
    </ClInclude>
    <ClInclude Include="..\Public\Normal_VillageF0.h">
      <Filter>02.GameObject\Monster\Normal\Female\Knife\VillageF0</Filter>
    </ClInclude>
    <ClInclude Include="..\Public\Normal_VillageF1.h">
      <Filter>02.GameObject\Monster\Normal\Female\Knife\VillageF1</Filter>
    </ClInclude>
    <ClInclude Include="..\Public\VillageF_Weapon.h">
      <Filter>02.GameObject\Monster\Normal\Female\Knife\Weapon</Filter>
    </ClInclude>
    <ClInclude Include="..\public\LockOn_Evade_B.h">
      <Filter>02.GameObject\Player\State\Evade\LockOn\LockOn_Evade_B</Filter>
    </ClInclude>
    <ClInclude Include="..\public\LockOn_Evade_F.h">
      <Filter>02.GameObject\Player\State\Evade\LockOn\LockOn_Evade_F</Filter>
    </ClInclude>
    <ClInclude Include="..\public\LockOn_Evade_L.h">
      <Filter>02.GameObject\Player\State\Evade\LockOn\LockOn_Evade_L</Filter>
    </ClInclude>
    <ClInclude Include="..\public\LockOn_Evade_R.h">
      <Filter>02.GameObject\Player\State\Evade\LockOn\LockOn_Evade_R</Filter>
    </ClInclude>
    <ClInclude Include="..\public\Parry_L.h">
      <Filter>02.GameObject\Player\State\Parry\Parry_L</Filter>
    </ClInclude>
    <ClInclude Include="..\public\Parry_R.h">
      <Filter>02.GameObject\Player\State\Parry\Parry_R</Filter>
    </ClInclude>
    <ClInclude Include="..\public\HurtMFL.h">
      <Filter>02.GameObject\Player\State\Hurt\HurtMFL</Filter>
    </ClInclude>
    <ClInclude Include="..\public\HurtMFR.h">
      <Filter>02.GameObject\Player\State\Hurt\HurtMFR</Filter>
    </ClInclude>
    <ClInclude Include="..\Public\Monster_HP_Bar.h">
      <Filter>02.GameObject\Monster\Monster_HP_Bar</Filter>
    </ClInclude>
    <ClInclude Include="..\Public\Monster_HP_Bar_Effect.h">
      <Filter>02.GameObject\Monster\Monster_HP_Bar\Monster_HP_Bar_Effect</Filter>
    </ClInclude>
    <ClInclude Include="..\Public\Monster_HP_Gage.h">
      <Filter>02.GameObject\Monster\Monster_HP_Bar\Monster_HP_Gage</Filter>
    </ClInclude>
    <ClInclude Include="..\Public\Monster_HP_Gage_Effect.h">
      <Filter>02.GameObject\Monster\Monster_HP_Bar\Monster_HP_Gage_Effect</Filter>
    </ClInclude>
    <ClInclude Include="..\public\ClawWeapon.h">
      <Filter>02.GameObject\Player\Weapon\ClawWeapon</Filter>
    </ClInclude>
    <ClInclude Include="..\public\ParryDeflect_L.h">
      <Filter>02.GameObject\Player\State\Parry\Parry_L\ParryDeflect_L</Filter>
    </ClInclude>
    <ClInclude Include="..\public\ParryDeflect_LUp.h">
      <Filter>02.GameObject\Player\State\Parry\Parry_L\ParryDeflect_LUp</Filter>
    </ClInclude>
    <ClInclude Include="..\public\ParryDeflect_Large.h">
      <Filter>02.GameObject\Player\State\Parry\Parry_L\ParryDeflect_Large</Filter>
    </ClInclude>
    <ClInclude Include="..\public\ParryDeflect_R.h">
      <Filter>02.GameObject\Player\State\Parry\Parry_R\ParryDeflect_R</Filter>
    </ClInclude>
    <ClInclude Include="..\public\ParryDeflect_RUp.h">
      <Filter>02.GameObject\Player\State\Parry\Parry_R\ParryDeflect_RUp</Filter>
    </ClInclude>
    <ClInclude Include="..\public\Normal_Evade_B.h">
      <Filter>02.GameObject\Player\State\Evade\Normal\Normal_Evade_B</Filter>
    </ClInclude>
    <ClInclude Include="..\public\Normal_Evade_BL.h">
      <Filter>02.GameObject\Player\State\Evade\Normal\Normal_Evade_BL</Filter>
    </ClInclude>
    <ClInclude Include="..\public\Normal_Evade_BR.h">
      <Filter>02.GameObject\Player\State\Evade\Normal\Normal_Evade_BR</Filter>
    </ClInclude>
    <ClInclude Include="..\public\Normal_Evade_F.h">
      <Filter>02.GameObject\Player\State\Evade\Normal\Normal_Evade_F</Filter>
    </ClInclude>
    <ClInclude Include="..\public\Normal_Evade_FL.h">
      <Filter>02.GameObject\Player\State\Evade\Normal\Normal_Evade_FL</Filter>
    </ClInclude>
    <ClInclude Include="..\public\Normal_Evade_FR.h">
      <Filter>02.GameObject\Player\State\Evade\Normal\Normal_Evade_FR</Filter>
    </ClInclude>
    <ClInclude Include="..\public\Normal_Evade_L.h">
      <Filter>02.GameObject\Player\State\Evade\Normal\Normal_Evade_L</Filter>
    </ClInclude>
    <ClInclude Include="..\public\Normal_Evade_R.h">
      <Filter>02.GameObject\Player\State\Evade\Normal\Normal_Evade_R</Filter>
    </ClInclude>
    <ClInclude Include="..\public\HurtKnockBack.h">
      <Filter>02.GameObject\Player\State\Hurt\HurtKnockBack</Filter>
    </ClInclude>
    <ClInclude Include="..\public\HurtKnockDown.h">
      <Filter>02.GameObject\Player\State\Hurt\HurtKnockDown</Filter>
    </ClInclude>
    <ClInclude Include="..\public\HURT_FallDown.h">
      <Filter>02.GameObject\Player\State\Hurt\HURT_FallDown</Filter>
    </ClInclude>
    <ClInclude Include="..\public\HURTLF.h">
      <Filter>02.GameObject\Player\State\Hurt\HURTLF</Filter>
    </ClInclude>
    <ClInclude Include="..\public\HURTSF.h">
      <Filter>02.GameObject\Player\State\Hurt\HURTSF</Filter>
    </ClInclude>
    <ClInclude Include="..\public\HURTSL.h">
      <Filter>02.GameObject\Player\State\Hurt\HURTSL</Filter>
    </ClInclude>
    <ClInclude Include="..\public\HURTXXLF.h">
      <Filter>02.GameObject\Player\State\Hurt\HURTXXLF</Filter>
    </ClInclude>
    <ClInclude Include="..\Public\Body_HArmorLV2.h">
      <Filter>02.GameObject\Monster\Elite\HArmorLV2\Body</Filter>
    </ClInclude>
    <ClInclude Include="..\Public\HArmorLV2.h">
      <Filter>02.GameObject\Monster\Elite\HArmorLV2</Filter>
    </ClInclude>
    <ClInclude Include="..\Public\Weapon_GreatSword.h">
      <Filter>02.GameObject\Monster\Elite\HArmorLV2\Weapon</Filter>
    </ClInclude>
    <ClInclude Include="..\Public\Aisemy.h">
      <Filter>02.GameObject\NPC</Filter>
    </ClInclude>
    <ClInclude Include="..\Public\Body_Aisemy.h">
      <Filter>02.GameObject\NPC\Body</Filter>
    </ClInclude>
    <ClInclude Include="..\Public\BlackScreen.h">
      <Filter>02.GameObject\BackGround\BlackScreen</Filter>
    </ClInclude>
    <ClInclude Include="..\Public\TriggerObject.h">
      <Filter>02.GameObject\TriggerObject</Filter>
    </ClInclude>
  </ItemGroup>
  <ItemGroup>
    <ClCompile Include="Client.cpp">
      <Filter>98.Default</Filter>
    </ClCompile>
    <ClCompile Include="pch.cpp">
      <Filter>98.Default</Filter>
    </ClCompile>
    <ClCompile Include="..\private\MainApp.cpp">
      <Filter>00.MainApp</Filter>
    </ClCompile>
    <ClCompile Include="..\Private\Level_Logo.cpp">
      <Filter>01.Level\01.Logo</Filter>
    </ClCompile>
    <ClCompile Include="..\Private\Level_GamePlay.cpp">
      <Filter>01.Level\02.GamePlay</Filter>
    </ClCompile>
    <ClCompile Include="..\Private\Level_Loading.cpp">
      <Filter>01.Level\99.Loading</Filter>
    </ClCompile>
    <ClCompile Include="..\private\Loader.cpp">
      <Filter>01.Level\99.Loading\Loader</Filter>
    </ClCompile>
    <ClCompile Include="..\Private\BackGround.cpp">
      <Filter>02.GameObject\BackGround</Filter>
    </ClCompile>
    <ClCompile Include="..\private\Camera_Free.cpp">
      <Filter>02.GameObject\Camera\Camera_Free</Filter>
    </ClCompile>
    <ClCompile Include="..\private\Body_Player.cpp">
      <Filter>02.GameObject\Player\Body</Filter>
    </ClCompile>
    <ClCompile Include="..\private\Sky.cpp">
      <Filter>02.GameObject\Sky</Filter>
    </ClCompile>
    <ClCompile Include="..\private\Terrain.cpp">
      <Filter>02.GameObject\Terrain</Filter>
    </ClCompile>
    <ClCompile Include="..\Private\Ladder.cpp">
      <Filter>02.GameObject\0.Ladder</Filter>
    </ClCompile>
    <ClCompile Include="..\Private\LobTrap.cpp">
      <Filter>02.GameObject\LobTrap</Filter>
    </ClCompile>
    <ClCompile Include="..\Private\Boss_Magician.cpp">
      <Filter>02.GameObject\Boss</Filter>
    </ClCompile>
    <ClCompile Include="..\Private\Boss_Varg.cpp">
      <Filter>02.GameObject\Boss\Boss_Varg</Filter>
    </ClCompile>
    <ClCompile Include="..\Private\Body_Varg.cpp">
      <Filter>02.GameObject\Boss\Boss_Varg\Body</Filter>
    </ClCompile>
    <ClCompile Include="..\Private\VargKnife.cpp">
      <Filter>02.GameObject\Boss\Boss_Varg\Weapon</Filter>
    </ClCompile>
    <ClCompile Include="..\private\State.cpp">
      <Filter>02.GameObject\Player\State</Filter>
    </ClCompile>
    <ClCompile Include="..\private\StateMgr.cpp">
      <Filter>02.GameObject\Player\State\StateMgr</Filter>
    </ClCompile>
    <ClCompile Include="..\private\Attack_LButton_1.cpp">
      <Filter>02.GameObject\Player\State\Attack\Attack_LButton_1</Filter>
    </ClCompile>
    <ClCompile Include="..\private\PlayerIdle.cpp">
      <Filter>02.GameObject\Player\State\Idle</Filter>
    </ClCompile>
    <ClCompile Include="..\private\PlayerRun.cpp">
      <Filter>02.GameObject\Player\State\Run</Filter>
    </ClCompile>
    <ClCompile Include="..\private\LeftWeapon.cpp">
      <Filter>02.GameObject\Player\Weapon\LeftWeapon</Filter>
    </ClCompile>
    <ClCompile Include="..\private\RightWeapon.cpp">
      <Filter>02.GameObject\Player\Weapon\RightWeapon</Filter>
    </ClCompile>
    <ClCompile Include="..\Private\Object.cpp">
      <Filter>02.GameObject\Object</Filter>
    </ClCompile>
    <ClCompile Include="..\Private\StaticObject.cpp">
      <Filter>02.GameObject\Object\StaticObject</Filter>
    </ClCompile>
    <ClCompile Include="..\Private\States.cpp">
      <Filter>02.GameObject\Boss\Boss_State</Filter>
    </ClCompile>
    <ClCompile Include="..\Private\State_Machine.cpp">
      <Filter>02.GameObject\Boss\Boss_State\Manager</Filter>
    </ClCompile>
    <ClCompile Include="..\private\Attack_LButton_2.cpp">
      <Filter>02.GameObject\Player\State\Attack\Attack_LButton_2</Filter>
    </ClCompile>
    <ClCompile Include="..\private\Attack_LButton_3.cpp">
      <Filter>02.GameObject\Player\State\Attack\Attack_LButton_3</Filter>
    </ClCompile>
    <ClCompile Include="..\Private\Elite_Joker.cpp">
      <Filter>02.GameObject\Monster\Elite\Joker</Filter>
    </ClCompile>
    <ClCompile Include="..\Private\Body_Joker.cpp">
      <Filter>02.GameObject\Monster\Elite\Joker\Body</Filter>
    </ClCompile>
    <ClCompile Include="..\Private\Joker_Weapon.cpp">
      <Filter>02.GameObject\Monster\Elite\Joker\Weapon</Filter>
    </ClCompile>
    <ClCompile Include="..\private\Attack_LongClaw_1.cpp">
      <Filter>02.GameObject\Player\State\Attack\Attack_LongClaw_1</Filter>
    </ClCompile>
    <ClCompile Include="..\private\Attack_LongClaw_2.cpp">
      <Filter>02.GameObject\Player\State\Attack\Attack_LongClaw_2</Filter>
    </ClCompile>
    <ClCompile Include="..\private\Rock_On_Run_B.cpp">
      <Filter>02.GameObject\Player\State\Run\RockOn\Rock_On_Run_B</Filter>
    </ClCompile>
    <ClCompile Include="..\private\Rock_On_Run_BL.cpp">
      <Filter>02.GameObject\Player\State\Run\RockOn\Rock_On_Run_BL</Filter>
    </ClCompile>
    <ClCompile Include="..\private\Rock_On_Run_BR.cpp">
      <Filter>02.GameObject\Player\State\Run\RockOn\Rock_On_Run_BR</Filter>
    </ClCompile>
    <ClCompile Include="..\private\Rock_On_Run_FL.cpp">
      <Filter>02.GameObject\Player\State\Run\RockOn\Rock_On_Run_FL</Filter>
    </ClCompile>
    <ClCompile Include="..\private\Rock_On_Run_FR.cpp">
      <Filter>02.GameObject\Player\State\Run\RockOn\Rock_On_Run_FR</Filter>
    </ClCompile>
    <ClCompile Include="..\private\Rock_On_Run_L.cpp">
      <Filter>02.GameObject\Player\State\Run\RockOn\Rock_On_Run_L</Filter>
    </ClCompile>
    <ClCompile Include="..\private\Rock_On_Run_R.cpp">
      <Filter>02.GameObject\Player\State\Run\RockOn\Rock_On_Run_R</Filter>
    </ClCompile>
    <ClCompile Include="..\Private\EnvironmentObject.cpp">
      <Filter>02.GameObject\InstancingObject</Filter>
    </ClCompile>
    <ClCompile Include="..\Private\GroundObject.cpp">
      <Filter>02.GameObject\InstancingObject\GroundObject</Filter>
    </ClCompile>
    <ClCompile Include="..\Private\UI_MouseCursor.cpp">
      <Filter>03.UIObject\1.UIObjClass\1.MouseCursor</Filter>
    </ClCompile>
    <ClCompile Include="..\private\Rock_On_Run_F.cpp">
      <Filter>02.GameObject\Player\State\Run\RockOn\Rock_On_Run_F</Filter>
    </ClCompile>
    <ClCompile Include="..\Private\UI_Boss_HP_Bar.cpp">
      <Filter>03.UIObject\1.UIObjClass\2.Boss_HP_Bar</Filter>
    </ClCompile>
    <ClCompile Include="..\Private\UI_Boss_HP_Bar_Gage_Effect.cpp">
      <Filter>03.UIObject\1.UIObjClass\2.Boss_HP_Bar\Boss_HP_Bar_Gage_Effect</Filter>
    </ClCompile>
    <ClCompile Include="..\Private\UI_Boss_HP_Bar_Gage.cpp">
      <Filter>03.UIObject\1.UIObjClass\2.Boss_HP_Bar\Boss_HP_Bar_Gage</Filter>
    </ClCompile>
    <ClCompile Include="..\Private\Particle_Compute_Example.cpp">
      <Filter>02.GameObject\Effect\Example</Filter>
    </ClCompile>
    <ClCompile Include="..\Private\UI_Arrow.cpp">
      <Filter>03.UIObject\1.UIObjClass\UI_Arrow</Filter>
    </ClCompile>
    <ClCompile Include="..\Private\UI_Arrow_Long.cpp">
      <Filter>03.UIObject\1.UIObjClass\UI_Arrow_Long</Filter>
    </ClCompile>
    <ClCompile Include="..\Private\UI_Attribute_Slot_Active.cpp">
      <Filter>03.UIObject\1.UIObjClass\UI_Attribute_Slot_Active</Filter>
    </ClCompile>
    <ClCompile Include="..\Private\UI_BaseTalentIndicator.cpp">
      <Filter>03.UIObject\1.UIObjClass\UI_BaseTalentIndicator</Filter>
    </ClCompile>
    <ClCompile Include="..\Private\UI_BlackBar.cpp">
      <Filter>03.UIObject\1.UIObjClass\UI_BlackBar</Filter>
    </ClCompile>
    <ClCompile Include="..\Private\UI_ButtonBackground.cpp">
      <Filter>03.UIObject\1.UIObjClass\UI_ButtonBackground</Filter>
    </ClCompile>
    <ClCompile Include="..\Private\UI_ButtonHighlight.cpp">
      <Filter>03.UIObject\1.UIObjClass\UI_ButtonHighlight</Filter>
    </ClCompile>
    <ClCompile Include="..\Private\UI_ContentBackground.cpp">
      <Filter>03.UIObject\1.UIObjClass\UI_ContentBackground</Filter>
    </ClCompile>
    <ClCompile Include="..\Private\UI_DecorationFrame.cpp">
      <Filter>03.UIObject\1.UIObjClass\UI_DecorationFrame</Filter>
    </ClCompile>
    <ClCompile Include="..\Private\UI_DecorationLine.cpp">
      <Filter>03.UIObject\1.UIObjClass\UI_DecorationLine</Filter>
    </ClCompile>
    <ClCompile Include="..\Private\UI_DescBackground.cpp">
      <Filter>03.UIObject\1.UIObjClass\UI_DescBackground</Filter>
    </ClCompile>
    <ClCompile Include="..\Private\UI_DiamondIcon.cpp">
      <Filter>03.UIObject\1.UIObjClass\UI_DiamondIcon</Filter>
    </ClCompile>
    <ClCompile Include="..\Private\UI_Feather_Icon.cpp">
      <Filter>03.UIObject\1.UIObjClass\UI_Feather_Icon</Filter>
    </ClCompile>
    <ClCompile Include="..\Private\UI_Frame.cpp">
      <Filter>03.UIObject\1.UIObjClass\UI_Frame</Filter>
    </ClCompile>
    <ClCompile Include="..\Private\UI_GameLogoImage.cpp">
      <Filter>03.UIObject\1.UIObjClass\UI_GameLogoImage</Filter>
    </ClCompile>
    <ClCompile Include="..\Private\UI_HightlightBar.cpp">
      <Filter>03.UIObject\1.UIObjClass\UI_HightlightBar</Filter>
    </ClCompile>
    <ClCompile Include="..\Private\UI_HPBar1_Border.cpp">
      <Filter>03.UIObject\1.UIObjClass\UI_HPBar1_Border</Filter>
    </ClCompile>
    <ClCompile Include="..\Private\UI_HPBar2_BG.cpp">
      <Filter>03.UIObject\1.UIObjClass\UI_HPBar2_BG</Filter>
    </ClCompile>
    <ClCompile Include="..\Private\UI_HPBar3_MainBar.cpp">
      <Filter>03.UIObject\1.UIObjClass\UI_HPBar3_MainBar</Filter>
    </ClCompile>
    <ClCompile Include="..\Private\UI_Indicator_Selected.cpp">
      <Filter>03.UIObject\1.UIObjClass\UI_Indicator_Selected</Filter>
    </ClCompile>
    <ClCompile Include="..\Private\UI_KeyBox_Long.cpp">
      <Filter>03.UIObject\1.UIObjClass\UI_KeyBox_Long</Filter>
    </ClCompile>
    <ClCompile Include="..\Private\UI_LeftBackground.cpp">
      <Filter>03.UIObject\1.UIObjClass\UI_LeftBackground</Filter>
    </ClCompile>
    <ClCompile Include="..\Private\UI_LevelImage.cpp">
      <Filter>03.UIObject\1.UIObjClass\UI_LevelImage</Filter>
    </ClCompile>
    <ClCompile Include="..\Private\UI_LockedIcon.cpp">
      <Filter>03.UIObject\1.UIObjClass\UI_LockedIcon</Filter>
    </ClCompile>
    <ClCompile Include="..\Private\UI_MemoryShardsIcon.cpp">
      <Filter>03.UIObject\1.UIObjClass\UI_MemoryShardsIcon</Filter>
    </ClCompile>
    <ClCompile Include="..\Private\UI_UnderLine.cpp">
      <Filter>03.UIObject\1.UIObjClass\UI_UnderLine</Filter>
    </ClCompile>
    <ClCompile Include="..\Private\UI_TitleBackgroundBar.cpp">
      <Filter>03.UIObject\1.UIObjClass\UI_TitleBackgroundBar</Filter>
    </ClCompile>
    <ClCompile Include="..\Private\UI_SceneUnderBackground.cpp">
      <Filter>03.UIObject\1.UIObjClass\UI_SceneUnderBackground</Filter>
    </ClCompile>
    <ClCompile Include="..\Private\UI_TextBox.cpp">
      <Filter>03.UIObject\1.UIObjClass\3.UI_TextBox</Filter>
    </ClCompile>
    <ClCompile Include="..\Private\UI_SceneBackground.cpp">
      <Filter>03.UIObject\1.UIObjClass\UI_SceneBackground</Filter>
    </ClCompile>
    <ClCompile Include="..\Private\UI_SceneAboveBackground.cpp">
      <Filter>03.UIObject\1.UIObjClass\UI_SceneAboveBackground</Filter>
    </ClCompile>
    <ClCompile Include="..\Private\UI_RightBackground.cpp">
      <Filter>03.UIObject\1.UIObjClass\UI_RightBackground</Filter>
    </ClCompile>
    <ClCompile Include="..\Private\UI_Potion_DefaultType.cpp">
      <Filter>03.UIObject\1.UIObjClass\UI_Potion_DefaultType</Filter>
    </ClCompile>
    <ClCompile Include="..\Private\UI_PlunderSlotFrame.cpp">
      <Filter>03.UIObject\1.UIObjClass\UI_PlunderSlotFrame</Filter>
    </ClCompile>
    <ClCompile Include="..\Private\UI_NewHint.cpp">
      <Filter>03.UIObject\1.UIObjClass\UI_NewHint</Filter>
    </ClCompile>
    <ClCompile Include="..\Private\UI_MPBar3_MainBar.cpp">
      <Filter>03.UIObject\1.UIObjClass\UI_MPBar3_MainBar</Filter>
    </ClCompile>
    <ClCompile Include="..\Private\UI_MPBar2_BG.cpp">
      <Filter>03.UIObject\1.UIObjClass\UI_MPBar2_BG</Filter>
    </ClCompile>
    <ClCompile Include="..\Private\UI_MPBar1_Border.cpp">
      <Filter>03.UIObject\1.UIObjClass\UI_MPBar1_Border</Filter>
    </ClCompile>
    <ClCompile Include="..\Private\UIGroup_GameIntro.cpp">
      <Filter>03.UIObject\2.UIObjGroup\1.GameIntro</Filter>
    </ClCompile>
    <ClCompile Include="..\Private\UIGroup_PlayerMenu.cpp">
      <Filter>03.UIObject\2.UIObjGroup\2.PlayerMenu</Filter>
    </ClCompile>
    <ClCompile Include="..\Private\UIGroup_PlayerLevelUP.cpp">
      <Filter>03.UIObject\2.UIObjGroup\3.PlayerLevelUP</Filter>
    </ClCompile>
    <ClCompile Include="..\Private\UIGroup_PlayerTalent.cpp">
      <Filter>03.UIObject\2.UIObjGroup\4.PlayerTalent</Filter>
    </ClCompile>
    <ClCompile Include="..\Private\UIGroup_PlayerScreen.cpp">
      <Filter>03.UIObject\2.UIObjGroup\5.PlayerScreen</Filter>
    </ClCompile>
    <ClCompile Include="..\Private\Normal_VillageM0.cpp">
      <Filter>02.GameObject\Monster\Normal\Male\Axe\VillageM0</Filter>
    </ClCompile>
    <ClCompile Include="..\Private\VillageM_Weapon.cpp">
      <Filter>02.GameObject\Monster\Normal\Male\Axe\Weapon</Filter>
    </ClCompile>
    <ClCompile Include="..\Private\Normal_VillageM1.cpp">
      <Filter>02.GameObject\Monster\Normal\Male\Axe\VillageM1</Filter>
    </ClCompile>
    <ClCompile Include="..\Private\Body_VillageM0.cpp">
      <Filter>02.GameObject\Monster\Normal\Male\Axe\VillageM0\Body</Filter>
    </ClCompile>
    <ClCompile Include="..\Private\Body_VillageM1.cpp">
      <Filter>02.GameObject\Monster\Normal\Male\Axe\VillageM1\Body</Filter>
    </ClCompile>
    <ClCompile Include="..\Private\Body_VillageF0.cpp">
      <Filter>02.GameObject\Monster\Normal\Female\Knife\VillageF0\Body</Filter>
    </ClCompile>
    <ClCompile Include="..\Private\Body_VillageF1.cpp">
      <Filter>02.GameObject\Monster\Normal\Female\Knife\VillageF1\Body</Filter>
    </ClCompile>
    <ClCompile Include="..\Private\Normal_VillageF0.cpp">
      <Filter>02.GameObject\Monster\Normal\Female\Knife\VillageF0</Filter>
    </ClCompile>
    <ClCompile Include="..\Private\Normal_VillageF1.cpp">
      <Filter>02.GameObject\Monster\Normal\Female\Knife\VillageF1</Filter>
    </ClCompile>
    <ClCompile Include="..\Private\VillageF_Weapon.cpp">
      <Filter>02.GameObject\Monster\Normal\Female\Knife\Weapon</Filter>
    </ClCompile>
    <ClCompile Include="..\private\LockOn_Evade_B.cpp">
      <Filter>02.GameObject\Player\State\Evade\LockOn\LockOn_Evade_B</Filter>
    </ClCompile>
    <ClCompile Include="..\private\LockOn_Evade_F.cpp">
      <Filter>02.GameObject\Player\State\Evade\LockOn\LockOn_Evade_F</Filter>
    </ClCompile>
    <ClCompile Include="..\private\LockOn_Evade_L.cpp">
      <Filter>02.GameObject\Player\State\Evade\LockOn\LockOn_Evade_L</Filter>
    </ClCompile>
    <ClCompile Include="..\private\LockOn_Evade_R.cpp">
      <Filter>02.GameObject\Player\State\Evade\LockOn\LockOn_Evade_R</Filter>
    </ClCompile>
    <ClCompile Include="..\private\Parry_L.cpp">
      <Filter>02.GameObject\Player\State\Parry\Parry_L</Filter>
    </ClCompile>
    <ClCompile Include="..\private\Parry_R.cpp">
      <Filter>02.GameObject\Player\State\Parry\Parry_R</Filter>
    </ClCompile>
    <ClCompile Include="..\private\HurtMFL.cpp">
      <Filter>02.GameObject\Player\State\Hurt\HurtMFL</Filter>
    </ClCompile>
    <ClCompile Include="..\private\HurtMFR.cpp">
      <Filter>02.GameObject\Player\State\Hurt\HurtMFR</Filter>
    </ClCompile>
    <ClCompile Include="..\Private\Monster_HP_Bar.cpp">
      <Filter>02.GameObject\Monster\Monster_HP_Bar</Filter>
    </ClCompile>
    <ClCompile Include="..\Private\Monster_HP_Bar_Effect.cpp">
      <Filter>02.GameObject\Monster\Monster_HP_Bar\Monster_HP_Bar_Effect</Filter>
    </ClCompile>
    <ClCompile Include="..\Private\Monster_HP_Gage.cpp">
      <Filter>02.GameObject\Monster\Monster_HP_Bar\Monster_HP_Gage</Filter>
    </ClCompile>
    <ClCompile Include="..\Private\Monster_HP_Gage_Effect.cpp">
      <Filter>02.GameObject\Monster\Monster_HP_Bar\Monster_HP_Gage_Effect</Filter>
    </ClCompile>
    <ClCompile Include="..\private\ClawWeapon.cpp">
      <Filter>02.GameObject\Player\Weapon\ClawWeapon</Filter>
    </ClCompile>
    <ClCompile Include="..\private\ParryDeflect_L.cpp">
      <Filter>02.GameObject\Player\State\Parry\Parry_L\ParryDeflect_L</Filter>
    </ClCompile>
    <ClCompile Include="..\private\ParryDeflect_LUp.cpp">
      <Filter>02.GameObject\Player\State\Parry\Parry_L\ParryDeflect_LUp</Filter>
    </ClCompile>
    <ClCompile Include="..\private\ParryDeflect_Large.cpp">
      <Filter>02.GameObject\Player\State\Parry\Parry_L\ParryDeflect_Large</Filter>
    </ClCompile>
    <ClCompile Include="..\private\ParryDeflect_R.cpp">
      <Filter>02.GameObject\Player\State\Parry\Parry_R\ParryDeflect_R</Filter>
    </ClCompile>
    <ClCompile Include="..\private\ParryDeflect_RUp.cpp">
      <Filter>02.GameObject\Player\State\Parry\Parry_R\ParryDeflect_RUp</Filter>
    </ClCompile>
    <ClCompile Include="..\private\Normal_Evade_B.cpp">
      <Filter>02.GameObject\Player\State\Evade\Normal\Normal_Evade_B</Filter>
    </ClCompile>
    <ClCompile Include="..\private\Normal_Evade_BL.cpp">
      <Filter>02.GameObject\Player\State\Evade\Normal\Normal_Evade_BL</Filter>
    </ClCompile>
    <ClCompile Include="..\private\Normal_Evade_BR.cpp">
      <Filter>02.GameObject\Player\State\Evade\Normal\Normal_Evade_BR</Filter>
    </ClCompile>
    <ClCompile Include="..\private\Normal_Evade_F.cpp">
      <Filter>02.GameObject\Player\State\Evade\Normal\Normal_Evade_F</Filter>
    </ClCompile>
    <ClCompile Include="..\private\Normal_Evade_FL.cpp">
      <Filter>02.GameObject\Player\State\Evade\Normal\Normal_Evade_FL</Filter>
    </ClCompile>
    <ClCompile Include="..\private\Normal_Evade_FR.cpp">
      <Filter>02.GameObject\Player\State\Evade\Normal\Normal_Evade_FR</Filter>
    </ClCompile>
    <ClCompile Include="..\private\Normal_Evade_L.cpp">
      <Filter>02.GameObject\Player\State\Evade\Normal\Normal_Evade_L</Filter>
    </ClCompile>
    <ClCompile Include="..\private\Normal_Evade_R.cpp">
      <Filter>02.GameObject\Player\State\Evade\Normal\Normal_Evade_R</Filter>
    </ClCompile>
    <ClCompile Include="..\private\HurtKnockBack.cpp">
      <Filter>02.GameObject\Player\State\Hurt\HurtKnockBack</Filter>
    </ClCompile>
    <ClCompile Include="..\private\HurtKnockDown.cpp">
      <Filter>02.GameObject\Player\State\Hurt\HurtKnockDown</Filter>
    </ClCompile>
    <ClCompile Include="..\private\HURT_FallDown.cpp">
      <Filter>02.GameObject\Player\State\Hurt\HURT_FallDown</Filter>
    </ClCompile>
    <ClCompile Include="..\private\HURTLF.cpp">
      <Filter>02.GameObject\Player\State\Hurt\HURTLF</Filter>
    </ClCompile>
    <ClCompile Include="..\private\HURTSF.cpp">
      <Filter>02.GameObject\Player\State\Hurt\HURTSF</Filter>
    </ClCompile>
    <ClCompile Include="..\private\HURTSL.cpp">
      <Filter>02.GameObject\Player\State\Hurt\HURTSL</Filter>
    </ClCompile>
    <ClCompile Include="..\private\HURTXXLF.cpp">
      <Filter>02.GameObject\Player\State\Hurt\HURTXXLF</Filter>
    </ClCompile>
    <ClCompile Include="..\Private\Player.cpp">
      <Filter>02.GameObject\Player</Filter>
    </ClCompile>
    <ClCompile Include="..\Private\Body_HArmorLV2.cpp">
      <Filter>02.GameObject\Monster\Elite\HArmorLV2\Body</Filter>
    </ClCompile>
    <ClCompile Include="..\Private\HArmorLV2.cpp">
      <Filter>02.GameObject\Monster\Elite\HArmorLV2</Filter>
    </ClCompile>
    <ClCompile Include="..\Private\Weapon_GreatSword.cpp">
      <Filter>02.GameObject\Monster\Elite\HArmorLV2\Weapon</Filter>
    </ClCompile>
    <ClCompile Include="..\Private\Aisemy.cpp">
      <Filter>02.GameObject\NPC</Filter>
    </ClCompile>
    <ClCompile Include="..\Private\Body_Aisemy.cpp">
      <Filter>02.GameObject\NPC\Body</Filter>
    </ClCompile>
    <ClCompile Include="..\Private\BlackScreen.cpp">
      <Filter>02.GameObject\BackGround\BlackScreen</Filter>
    </ClCompile>
    <ClCompile Include="..\Private\TriggerObject.cpp">
      <Filter>02.GameObject\TriggerObject</Filter>
    </ClCompile>
  </ItemGroup>
  <ItemGroup>
    <Image Include="Client.ico">
      <Filter>98.Default</Filter>
    </Image>
    <Image Include="small.ico">
      <Filter>98.Default</Filter>
    </Image>
  </ItemGroup>
  <ItemGroup>
    <ResourceCompile Include="Client.rc">
      <Filter>98.Default</Filter>
    </ResourceCompile>
  </ItemGroup>
  <ItemGroup>
    <Text Include="ReadMe.txt">
      <Filter>98.Default</Filter>
    </Text>
  </ItemGroup>
  <ItemGroup>
    <FxCompile Include="..\Bin\ShaderFiles\Shader_VtxPosTex.hlsl">
      <Filter>97.ShaderFiles</Filter>
    </FxCompile>
    <FxCompile Include="..\Bin\ShaderFiles\Shader_VtxNorTex.hlsl">
      <Filter>97.ShaderFiles</Filter>
    </FxCompile>
    <FxCompile Include="..\Bin\ShaderFiles\Shader_VtxMesh.hlsl">
      <Filter>97.ShaderFiles</Filter>
    </FxCompile>
    <FxCompile Include="..\Bin\ShaderFiles\Shader_VtxAnimMesh.hlsl">
      <Filter>97.ShaderFiles</Filter>
    </FxCompile>
    <FxCompile Include="..\Bin\ShaderFiles\Shader_VtxPosTexInstance.hlsl">
      <Filter>97.ShaderFiles</Filter>
    </FxCompile>
    <FxCompile Include="..\Bin\ShaderFiles\Shader_VtxPointInstance.hlsl">
      <Filter>97.ShaderFiles</Filter>
    </FxCompile>
    <FxCompile Include="..\Bin\ShaderFiles\Shader_VtxCube.hlsl">
      <Filter>97.ShaderFiles</Filter>
    </FxCompile>
    <FxCompile Include="..\Bin\ShaderFiles\Shader_Water.hlsl">
      <Filter>97.ShaderFiles</Filter>
    </FxCompile>
    <FxCompile Include="..\Bin\ShaderFiles\Shader_VtxMeshNoDefferd.hlsl">
      <Filter>97.ShaderFiles</Filter>
    </FxCompile>
    <FxCompile Include="..\Bin\ShaderFiles\Shader_VtxAnimMeshNoDefferd.hlsl">
      <Filter>97.ShaderFiles</Filter>
    </FxCompile>
    <FxCompile Include="..\Bin\ShaderFiles\Shader_VtxPosTexAge.hlsl">
      <Filter>97.ShaderFiles</Filter>
    </FxCompile>
    <FxCompile Include="..\Bin\ShaderFiles\Shader_VtxInstanceMesh.hlsl">
      <Filter>97.ShaderFiles</Filter>
    </FxCompile>
    <FxCompile Include="..\Bin\ShaderFiles\Shader_VtxPointInstance_Compute.hlsl">
      <Filter>97.ShaderFiles</Filter>
    </FxCompile>
    <FxCompile Include="..\Bin\ShaderFiles\Shader_VtxPosTex_UI.hlsl">
      <Filter>97.ShaderFiles</Filter>
    </FxCompile>
    <FxCompile Include="..\Bin\ShaderFiles\Shader_VtxFadeTex.hlsl">
      <Filter>97.ShaderFiles</Filter>
    </FxCompile>
  </ItemGroup>
</Project>