<?xml version="1.0" encoding="utf-8"?>
<Project ToolsVersion="4.0" xmlns="http://schemas.microsoft.com/developer/msbuild/2003">
  <ItemGroup>
    <FxCompile Include="..\Bin\ShaderFiles\Shader_VtxAnimMesh.hlsl" />
    <FxCompile Include="..\Bin\ShaderFiles\Shader_VtxAnimMeshNoDefferd.hlsl" />
    <FxCompile Include="..\Bin\ShaderFiles\Shader_VtxMeshNoDefferd.hlsl" />
    <FxCompile Include="..\Bin\ShaderFiles\Shader_VtxCube.hlsl" />
    <FxCompile Include="..\Bin\ShaderFiles\Shader_VtxMesh.hlsl" />
    <FxCompile Include="..\Bin\ShaderFiles\Shader_VtxNorTex.hlsl" />
    <FxCompile Include="..\Bin\ShaderFiles\Shader_VtxPointInstance.hlsl" />
    <FxCompile Include="..\Bin\ShaderFiles\Shader_VtxPosTex.hlsl" />
    <FxCompile Include="..\Bin\ShaderFiles\Shader_VtxPosTexAge.hlsl" />
    <FxCompile Include="..\Bin\ShaderFiles\Shader_VtxPosTexInstance.hlsl" />
    <FxCompile Include="..\Bin\ShaderFiles\Shader_Water.hlsl" />
  </ItemGroup>
  <ItemGroup>
    <ClCompile Include="..\Private\BackGround.cpp" />
    <ClCompile Include="..\private\Body_Player.cpp" />
    <ClCompile Include="..\private\Camera_Free.cpp" />
    <ClCompile Include="..\Private\Ladder.cpp" />
    <ClCompile Include="..\Private\Level_GamePlay.cpp" />
    <ClCompile Include="..\Private\Level_Loading.cpp" />
    <ClCompile Include="..\Private\Level_Logo.cpp" />
    <ClCompile Include="..\private\Loader.cpp" />
    <ClCompile Include="..\Private\LobTrap.cpp" />
    <ClCompile Include="..\private\MainApp.cpp" />
    <ClCompile Include="..\private\Player.cpp" />
    <ClCompile Include="..\private\Sky.cpp" />
    <ClCompile Include="..\private\Terrain.cpp" />
    <ClCompile Include="..\private\Weapon.cpp" />
    <ClCompile Include="Client.cpp" />
    <ClCompile Include="pch.cpp" />
    <ClCompile Include="..\Private\Boss_Magician.cpp" />
    <ClCompile Include="..\Private\Boss_Varg.cpp" />
  </ItemGroup>
  <ItemGroup>
    <ClInclude Include="..\Public\BackGround.h" />
    <ClInclude Include="..\public\Body_Player.h" />
    <ClInclude Include="..\public\Camera_Free.h" />
    <ClInclude Include="..\Public\Client_Defines.h" />
    <ClInclude Include="..\Public\Ladder.h" />
    <ClInclude Include="..\Public\Level_GamePlay.h" />
    <ClInclude Include="..\Public\Level_Loading.h" />
    <ClInclude Include="..\Public\Level_Logo.h" />
    <ClInclude Include="..\public\Loader.h" />
    <ClInclude Include="..\Public\LobTrap.h" />
    <ClInclude Include="..\public\MainApp.h" />
    <ClInclude Include="..\public\Player.h" />
    <ClInclude Include="..\public\Sky.h" />
    <ClInclude Include="..\public\Terrain.h" />
    <ClInclude Include="..\public\Weapon.h" />
    <ClInclude Include="Client.h" />
    <ClInclude Include="Resource.h" />
    <ClInclude Include="pch.h" />
    <ClInclude Include="targetver.h" />
    <ClInclude Include="..\Public\Boss_Magician.h" />
    <ClInclude Include="..\Public\Boss_Varg.h" />
  </ItemGroup>
  <ItemGroup>
    <ResourceCompile Include="Client.rc" />
  </ItemGroup>
  <ItemGroup>
    <Image Include="Client.ico" />
    <Image Include="small.ico" />
  </ItemGroup>
  <ItemGroup>
    <Text Include="ReadMe.txt" />
  </ItemGroup>
</Project>